
Microsoft Visual Studio Solution File, Format Version 12.00
# Visual Studio Version 16
VisualStudioVersion = 16.0.31911.196
MinimumVisualStudioVersion = 10.0.40219.1
Project("{FAE04EC0-301F-11D3-BF4B-00C04F79EFBC}") = "brainfuck", "brainfuck.csproj", "{F51BF7B7-15E9-4BF4-8BDC-EE77CCF44640}"
EndProject
Global
	GlobalSection(SolutionConfigurationPlatforms) = preSolution
		Debug|Any CPU = Debug|Any CPU
		Release|Any CPU = Release|Any CPU
	EndGlobalSection
	GlobalSection(ProjectConfigurationPlatforms) = postSolution
		{F51BF7B7-15E9-4BF4-8BDC-EE77CCF44640}.Debug|Any CPU.ActiveCfg = Debug|Any CPU
		{F51BF7B7-15E9-4BF4-8BDC-EE77CCF44640}.Debug|Any CPU.Build.0 = Debug|Any CPU
		{F51BF7B7-15E9-4BF4-8BDC-EE77CCF44640}.Release|Any CPU.ActiveCfg = Release|Any CPU
		{F51BF7B7-15E9-4BF4-8BDC-EE77CCF44640}.Release|Any CPU.Build.0 = Release|Any CPU
	EndGlobalSection
	GlobalSection(SolutionProperties) = preSolution
		HideSolutionNode = FALSE
	EndGlobalSection
	GlobalSection(ExtensibilityGlobals) = postSolution
		SolutionGuid = {417CA4DE-B1EA-4E93-A199-7659CFCFB5ED}
	EndGlobalSection
EndGlobal
